
Microsoft Visual Studio Solution File, Format Version 12.00
# Visual Studio Version 17
VisualStudioVersion = 17.11.35312.102
MinimumVisualStudioVersion = 10.0.40219.1
Project("{FAE04EC0-301F-11D3-BF4B-00C04F79EFBC}") = "Loops, Expressions, and Control 6-22", "Loops, Expressions, and Control 6-22\Loops, Expressions, and Control 6-22.csproj", "{3B4880F4-190B-444F-BC1D-DD8BF2206227}"
EndProject
Global
	GlobalSection(SolutionConfigurationPlatforms) = preSolution
		Debug|Any CPU = Debug|Any CPU
		Release|Any CPU = Release|Any CPU
	EndGlobalSection
	GlobalSection(ProjectConfigurationPlatforms) = postSolution
		{3B4880F4-190B-444F-BC1D-DD8BF2206227}.Debug|Any CPU.ActiveCfg = Debug|Any CPU
		{3B4880F4-190B-444F-BC1D-DD8BF2206227}.Debug|Any CPU.Build.0 = Debug|Any CPU
		{3B4880F4-190B-444F-BC1D-DD8BF2206227}.Release|Any CPU.ActiveCfg = Release|Any CPU
		{3B4880F4-190B-444F-BC1D-DD8BF2206227}.Release|Any CPU.Build.0 = Release|Any CPU
	EndGlobalSection
	GlobalSection(SolutionProperties) = preSolution
		HideSolutionNode = FALSE
	EndGlobalSection
	GlobalSection(ExtensibilityGlobals) = postSolution
		SolutionGuid = {72BF2268-102B-4A99-87A0-6C993F5FAF2F}
	EndGlobalSection
EndGlobal
